{
  "name": "vite-project",
  "version": "0.0.0",
  "lockfileVersion": 2,
  "requires": true,
  "packages": {
    "": {
      "name": "vite-project",
      "version": "0.0.0",
      "dependencies": {
        "monaco-editor": "^0.29.1",
        "monaco-yaml": "2.5.1",
        "vite": "^2.7.0-beta.4"
      }
    },
    "node_modules/agent-base": {
      "version": "4.3.0",
      "resolved": "https://registry.npmjs.org/agent-base/-/agent-base-4.3.0.tgz",
      "integrity": "sha512-salcGninV0nPrwpGNn4VTXBb1SOuXQBiqbrNXoeizJsHrsL6ERFM2Ne3JUSBWRE6aeNJI2ROP/WEEIDUiDe3cg==",
      "license": "MIT",
      "dependencies": {
        "es6-promisify": "^5.0.0"
      },
      "engines": {
        "node": ">= 4.0.0"
      }
    },
    "node_modules/argparse": {
      "version": "1.0.10",
      "resolved": "https://registry.npmjs.org/argparse/-/argparse-1.0.10.tgz",
      "integrity": "sha512-o5Roy6tNG4SL/FOkCAN6RzjiakZS25RLYFrcMttJqbdd8BWrnA+fGz57iN5Pb06pvBGvl5gQ0B48dJlslXvoTg==",
      "license": "MIT",
      "dependencies": {
        "sprintf-js": "~1.0.2"
      }
    },
    "node_modules/debug": {
      "version": "3.1.0",
      "resolved": "https://registry.npmjs.org/debug/-/debug-3.1.0.tgz",
      "integrity": "sha512-OX8XqP7/1a9cqkxYw2yXss15f26NKWBpDXQd0/uK/KPqdQhxbPa994hnzjcE2VqQpDslf55723cKPUOGSmMY3g==",
      "license": "MIT",
      "dependencies": {
        "ms": "2.0.0"
      }
    },
    "node_modules/es6-promise": {
      "version": "4.2.8",
      "resolved": "https://registry.npmjs.org/es6-promise/-/es6-promise-4.2.8.tgz",
      "integrity": "sha512-HJDGx5daxeIvxdBxvG2cb9g4tEvwIk3i8+nhX0yGrYmZUzbkdg8QbDevheDB8gd0//uPj4c1EQua8Q+MViT0/w==",
      "license": "MIT"
    },
    "node_modules/es6-promisify": {
      "version": "5.0.0",
      "resolved": "https://registry.npmjs.org/es6-promisify/-/es6-promisify-5.0.0.tgz",
      "integrity": "sha1-UQnWLz5W6pZ8S2NQWu8IKRyKUgM=",
      "license": "MIT",
      "dependencies": {
        "es6-promise": "^4.0.3"
      }
    },
    "node_modules/esbuild": {
      "version": "0.13.13",
      "resolved": "https://registry.npmjs.org/esbuild/-/esbuild-0.13.13.tgz",
      "integrity": "sha512-Z17A/R6D0b4s3MousytQ/5i7mTCbaF+Ua/yPfoe71vdTv4KBvVAvQ/6ytMngM2DwGJosl8WxaD75NOQl2QF26Q==",
      "hasInstallScript": true,
      "license": "MIT",
      "bin": {
        "esbuild": "bin/esbuild"
      },
      "optionalDependencies": {
        "esbuild-android-arm64": "0.13.13",
        "esbuild-darwin-64": "0.13.13",
        "esbuild-darwin-arm64": "0.13.13",
        "esbuild-freebsd-64": "0.13.13",
        "esbuild-freebsd-arm64": "0.13.13",
        "esbuild-linux-32": "0.13.13",
        "esbuild-linux-64": "0.13.13",
        "esbuild-linux-arm": "0.13.13",
        "esbuild-linux-arm64": "0.13.13",
        "esbuild-linux-mips64le": "0.13.13",
        "esbuild-linux-ppc64le": "0.13.13",
        "esbuild-netbsd-64": "0.13.13",
        "esbuild-openbsd-64": "0.13.13",
        "esbuild-sunos-64": "0.13.13",
        "esbuild-windows-32": "0.13.13",
        "esbuild-windows-64": "0.13.13",
        "esbuild-windows-arm64": "0.13.13"
      }
    },
    "node_modules/esbuild-android-arm64": {
      "version": "0.13.13",
      "resolved": "https://registry.npmjs.org/esbuild-android-arm64/-/esbuild-android-arm64-0.13.13.tgz",
      "integrity": "sha512-T02aneWWguJrF082jZworjU6vm8f4UQ+IH2K3HREtlqoY9voiJUwHLRL6khRlsNLzVglqgqb7a3HfGx7hAADCQ==",
      "cpu": [
        "arm64"
      ],
      "license": "MIT",
      "optional": true,
      "os": [
        "android"
      ]
    },
    "node_modules/esbuild-darwin-64": {
      "version": "0.13.13",
      "resolved": "https://registry.npmjs.org/esbuild-darwin-64/-/esbuild-darwin-64-0.13.13.tgz",
      "integrity": "sha512-wkaiGAsN/09X9kDlkxFfbbIgR78SNjMOfUhoel3CqKBDsi9uZhw7HBNHNxTzYUK8X8LAKFpbODgcRB3b/I8gHA==",
      "cpu": [
        "x64"
      ],
      "license": "MIT",
      "optional": true,
      "os": [
        "darwin"
      ]
    },
    "node_modules/esbuild-darwin-arm64": {
      "version": "0.13.13",
      "resolved": "https://registry.npmjs.org/esbuild-darwin-arm64/-/esbuild-darwin-arm64-0.13.13.tgz",
      "integrity": "sha512-b02/nNKGSV85Gw9pUCI5B48AYjk0vFggDeom0S6QMP/cEDtjSh1WVfoIFNAaLA0MHWfue8KBwoGVsN7rBshs4g==",
      "cpu": [
        "arm64"
      ],
      "license": "MIT",
      "optional": true,
      "os": [
        "darwin"
      ]
    },
    "node_modules/esbuild-freebsd-64": {
      "version": "0.13.13",
      "resolved": "https://registry.npmjs.org/esbuild-freebsd-64/-/esbuild-freebsd-64-0.13.13.tgz",
      "integrity": "sha512-ALgXYNYDzk9YPVk80A+G4vz2D22Gv4j4y25exDBGgqTcwrVQP8rf/rjwUjHoh9apP76oLbUZTmUmvCMuTI1V9A==",
      "cpu": [
        "x64"
      ],
      "license": "MIT",
      "optional": true,
      "os": [
        "freebsd"
      ]
    },
    "node_modules/esbuild-freebsd-arm64": {
      "version": "0.13.13",
      "resolved": "https://registry.npmjs.org/esbuild-freebsd-arm64/-/esbuild-freebsd-arm64-0.13.13.tgz",
      "integrity": "sha512-uFvkCpsZ1yqWQuonw5T1WZ4j59xP/PCvtu6I4pbLejhNo4nwjW6YalqnBvBSORq5/Ifo9S/wsIlVHzkzEwdtlw==",
      "cpu": [
        "arm64"
      ],
      "license": "MIT",
      "optional": true,
      "os": [
        "freebsd"
      ]
    },
    "node_modules/esbuild-linux-32": {
      "version": "0.13.13",
      "resolved": "https://registry.npmjs.org/esbuild-linux-32/-/esbuild-linux-32-0.13.13.tgz",
      "integrity": "sha512-yxR9BBwEPs9acVEwTrEE2JJNHYVuPQC9YGjRfbNqtyfK/vVBQYuw8JaeRFAvFs3pVJdQD0C2BNP4q9d62SCP4w==",
      "cpu": [
        "ia32"
      ],
      "license": "MIT",
      "optional": true,
      "os": [
        "linux"
      ]
    },
    "node_modules/esbuild-linux-64": {
      "version": "0.13.13",
      "resolved": "https://registry.npmjs.org/esbuild-linux-64/-/esbuild-linux-64-0.13.13.tgz",
      "integrity": "sha512-kzhjlrlJ+6ESRB/n12WTGll94+y+HFeyoWsOrLo/Si0s0f+Vip4b8vlnG0GSiS6JTsWYAtGHReGczFOaETlKIw==",
      "cpu": [
        "x64"
      ],
      "license": "MIT",
      "optional": true,
      "os": [
        "linux"
      ]
    },
    "node_modules/esbuild-linux-arm": {
      "version": "0.13.13",
      "resolved": "https://registry.npmjs.org/esbuild-linux-arm/-/esbuild-linux-arm-0.13.13.tgz",
      "integrity": "sha512-hXub4pcEds+U1TfvLp1maJ+GHRw7oizvzbGRdUvVDwtITtjq8qpHV5Q5hWNNn6Q+b3b2UxF03JcgnpzCw96nUQ==",
      "cpu": [
        "arm"
      ],
      "license": "MIT",
      "optional": true,
      "os": [
        "linux"
      ]
    },
    "node_modules/esbuild-linux-arm64": {
      "version": "0.13.13",
      "resolved": "https://registry.npmjs.org/esbuild-linux-arm64/-/esbuild-linux-arm64-0.13.13.tgz",
      "integrity": "sha512-KMrEfnVbmmJxT3vfTnPv/AiXpBFbbyExH13BsUGy1HZRPFMi5Gev5gk8kJIZCQSRfNR17aqq8sO5Crm2KpZkng==",
      "cpu": [
        "arm64"
      ],
      "license": "MIT",
      "optional": true,
      "os": [
        "linux"
      ]
    },
    "node_modules/esbuild-linux-mips64le": {
      "version": "0.13.13",
      "resolved": "https://registry.npmjs.org/esbuild-linux-mips64le/-/esbuild-linux-mips64le-0.13.13.tgz",
      "integrity": "sha512-cJT9O1LYljqnnqlHaS0hdG73t7hHzF3zcN0BPsjvBq+5Ad47VJun+/IG4inPhk8ta0aEDK6LdP+F9299xa483w==",
      "cpu": [
        "mips64el"
      ],
      "license": "MIT",
      "optional": true,
      "os": [
        "linux"
      ]
    },
    "node_modules/esbuild-linux-ppc64le": {
      "version": "0.13.13",
      "resolved": "https://registry.npmjs.org/esbuild-linux-ppc64le/-/esbuild-linux-ppc64le-0.13.13.tgz",
      "integrity": "sha512-+rghW8st6/7O6QJqAjVK3eXzKkZqYAw6LgHv7yTMiJ6ASnNvghSeOcIvXFep3W2oaJc35SgSPf21Ugh0o777qQ==",
      "cpu": [
        "ppc64"
      ],
      "license": "MIT",
      "optional": true,
      "os": [
        "linux"
      ]
    },
    "node_modules/esbuild-netbsd-64": {
      "version": "0.13.13",
      "resolved": "https://registry.npmjs.org/esbuild-netbsd-64/-/esbuild-netbsd-64-0.13.13.tgz",
      "integrity": "sha512-A/B7rwmzPdzF8c3mht5TukbnNwY5qMJqes09ou0RSzA5/jm7Jwl/8z853ofujTFOLhkNHUf002EAgokzSgEMpQ==",
      "cpu": [
        "x64"
      ],
      "license": "MIT",
      "optional": true,
      "os": [
        "netbsd"
      ]
    },
    "node_modules/esbuild-openbsd-64": {
      "version": "0.13.13",
      "resolved": "https://registry.npmjs.org/esbuild-openbsd-64/-/esbuild-openbsd-64-0.13.13.tgz",
      "integrity": "sha512-szwtuRA4rXKT3BbwoGpsff6G7nGxdKgUbW9LQo6nm0TVCCjDNDC/LXxT994duIW8Tyq04xZzzZSW7x7ttDiw1w==",
      "cpu": [
        "x64"
      ],
      "license": "MIT",
      "optional": true,
      "os": [
        "openbsd"
      ]
    },
    "node_modules/esbuild-sunos-64": {
      "version": "0.13.13",
      "resolved": "https://registry.npmjs.org/esbuild-sunos-64/-/esbuild-sunos-64-0.13.13.tgz",
      "integrity": "sha512-ihyds9O48tVOYF48iaHYUK/boU5zRaLOXFS+OOL3ceD39AyHo46HVmsJLc7A2ez0AxNZCxuhu+P9OxfPfycTYQ==",
      "cpu": [
        "x64"
      ],
      "license": "MIT",
      "optional": true,
      "os": [
        "sunos"
      ]
    },
    "node_modules/esbuild-windows-32": {
      "version": "0.13.13",
      "resolved": "https://registry.npmjs.org/esbuild-windows-32/-/esbuild-windows-32-0.13.13.tgz",
      "integrity": "sha512-h2RTYwpG4ldGVJlbmORObmilzL8EECy8BFiF8trWE1ZPHLpECE9//J3Bi+W3eDUuv/TqUbiNpGrq4t/odbayUw==",
      "cpu": [
        "ia32"
      ],
      "license": "MIT",
      "optional": true,
      "os": [
        "win32"
      ]
    },
    "node_modules/esbuild-windows-64": {
      "version": "0.13.13",
      "resolved": "https://registry.npmjs.org/esbuild-windows-64/-/esbuild-windows-64-0.13.13.tgz",
      "integrity": "sha512-oMrgjP4CjONvDHe7IZXHrMk3wX5Lof/IwFEIbwbhgbXGBaN2dke9PkViTiXC3zGJSGpMvATXVplEhlInJ0drHA==",
      "cpu": [
        "x64"
      ],
      "license": "MIT",
      "optional": true,
      "os": [
        "win32"
      ]
    },
    "node_modules/esbuild-windows-arm64": {
      "version": "0.13.13",
      "resolved": "https://registry.npmjs.org/esbuild-windows-arm64/-/esbuild-windows-arm64-0.13.13.tgz",
      "integrity": "sha512-6fsDfTuTvltYB5k+QPah/x7LrI2+OLAJLE3bWLDiZI6E8wXMQU+wLqtEO/U/RvJgVY1loPs5eMpUBpVajczh1A==",
      "cpu": [
        "arm64"
      ],
      "license": "MIT",
      "optional": true,
      "os": [
        "win32"
      ]
    },
    "node_modules/esprima": {
      "version": "4.0.1",
      "resolved": "https://registry.npmjs.org/esprima/-/esprima-4.0.1.tgz",
      "integrity": "sha512-eGuFFw7Upda+g4p+QHvnW0RyTX/SVeJBDM/gCtMARO0cLuT2HcEKnTPvhjV6aGeqrCB/sbNop0Kszm0jsaWU4A==",
      "license": "BSD-2-Clause",
      "bin": {
        "esparse": "bin/esparse.js",
        "esvalidate": "bin/esvalidate.js"
      },
      "engines": {
        "node": ">=4"
      }
    },
    "node_modules/fsevents": {
      "version": "2.3.2",
      "resolved": "https://registry.npmjs.org/fsevents/-/fsevents-2.3.2.tgz",
      "integrity": "sha512-xiqMQR4xAeHTuB9uWm+fFRcIOgKBMiOBP+eXiyT7jsgVCq1bkVygt00oASowB7EdtpOHaaPgKt812P9ab+DDKA==",
      "hasInstallScript": true,
      "license": "MIT",
      "optional": true,
      "os": [
        "darwin"
      ],
      "engines": {
        "node": "^8.16.0 || ^10.6.0 || >=11.0.0"
      }
    },
    "node_modules/function-bind": {
      "version": "1.1.1",
      "resolved": "https://registry.npmjs.org/function-bind/-/function-bind-1.1.1.tgz",
      "integrity": "sha512-yIovAzMX49sF8Yl58fSCWJ5svSLuaibPxXQJFLmBObTuCr0Mf1KiPopGM9NiFjiYBCbfaa2Fh6breQ6ANVTI0A=="
    },
    "node_modules/has": {
      "version": "1.0.3",
      "resolved": "https://registry.npmjs.org/has/-/has-1.0.3.tgz",
      "integrity": "sha512-f2dvO0VU6Oej7RkWJGrehjbzMAjFp5/VKPp5tTpWIV4JHHZK1/BxbFRtf/siA2SWTe09caDmVtYYzWEIbBS4zw==",
      "dependencies": {
        "function-bind": "^1.1.1"
      },
      "engines": {
        "node": ">= 0.4.0"
      }
    },
    "node_modules/http-proxy-agent": {
      "version": "2.1.0",
      "resolved": "https://registry.npmjs.org/http-proxy-agent/-/http-proxy-agent-2.1.0.tgz",
      "integrity": "sha512-qwHbBLV7WviBl0rQsOzH6o5lwyOIvwp/BdFnvVxXORldu5TmjFfjzBcWUWS5kWAZhmv+JtiDhSuQCp4sBfbIgg==",
      "license": "MIT",
      "dependencies": {
        "agent-base": "4",
        "debug": "3.1.0"
      },
      "engines": {
        "node": ">= 4.5.0"
      }
    },
    "node_modules/https-proxy-agent": {
      "version": "2.2.4",
      "resolved": "https://registry.npmjs.org/https-proxy-agent/-/https-proxy-agent-2.2.4.tgz",
      "integrity": "sha512-OmvfoQ53WLjtA9HeYP9RNrWMJzzAz1JGaSFr1nijg0PVR1JaD/xbJq1mdEIIlxGpXp9eSe/O2LgU9DJmTPd0Eg==",
      "license": "MIT",
      "dependencies": {
        "agent-base": "^4.3.0",
        "debug": "^3.1.0"
      },
      "engines": {
        "node": ">= 4.5.0"
      }
    },
    "node_modules/is-core-module": {
      "version": "2.7.0",
      "resolved": "https://registry.npmjs.org/is-core-module/-/is-core-module-2.7.0.tgz",
      "integrity": "sha512-ByY+tjCciCr+9nLryBYcSD50EOGWt95c7tIsKTG1J2ixKKXPvF7Ej3AVd+UfDydAJom3biBGDBALaO79ktwgEQ==",
      "dependencies": {
        "has": "^1.0.3"
      },
      "funding": {
        "url": "https://github.com/sponsors/ljharb"
      }
    },
    "node_modules/js-yaml": {
      "version": "3.14.1",
      "resolved": "https://registry.npmjs.org/js-yaml/-/js-yaml-3.14.1.tgz",
      "integrity": "sha512-okMH7OXXJ7YrN9Ok3/SXrnu4iX9yOk+25nqX4imS2npuvTYDmo/QEZoqwZkYaIDk3jVvBOTOIEgEhaLOynBS9g==",
      "license": "MIT",
      "dependencies": {
        "argparse": "^1.0.7",
        "esprima": "^4.0.0"
      },
      "bin": {
        "js-yaml": "bin/js-yaml.js"
      }
    },
    "node_modules/jsonc-parser": {
      "version": "2.3.1",
      "resolved": "https://registry.npmjs.org/jsonc-parser/-/jsonc-parser-2.3.1.tgz",
      "integrity": "sha512-H8jvkz1O50L3dMZCsLqiuB2tA7muqbSg1AtGEkN0leAqGjsUzDJir3Zwr02BhqdcITPg3ei3mZ+HjMocAknhhg==",
      "license": "MIT"
    },
    "node_modules/monaco-editor": {
      "version": "0.29.1",
      "resolved": "https://registry.npmjs.org/monaco-editor/-/monaco-editor-0.29.1.tgz",
      "integrity": "sha512-rguaEG/zrPQSaKzQB7IfX/PpNa0qxF1FY8ZXRkN4WIl8qZdTQRSRJCtRto7IMcSgrU6H53RXI+fTcywOBC4aVw==",
      "license": "MIT"
    },
    "node_modules/monaco-yaml": {
      "version": "2.5.1",
      "resolved": "https://registry.npmjs.org/monaco-yaml/-/monaco-yaml-2.5.1.tgz",
      "integrity": "sha512-U+zIAcwnQzlUgy6vdzFdNf5PToFzuz099FxYmUxIeen9GTiq6XYDX9mmXSR31mMrgiSaU5a2bGEyG4p2fbW/7A==",
      "license": "MIT",
      "dependencies": {
        "yaml-language-server": "^0.11.1"
      }
    },
    "node_modules/ms": {
      "version": "2.0.0",
      "resolved": "https://registry.npmjs.org/ms/-/ms-2.0.0.tgz",
      "integrity": "sha1-VgiurfwAvmwpAd9fmGF4jeDVl8g=",
      "license": "MIT"
    },
    "node_modules/nanoid": {
      "version": "3.1.30",
      "resolved": "https://registry.npmjs.org/nanoid/-/nanoid-3.1.30.tgz",
      "integrity": "sha512-zJpuPDwOv8D2zq2WRoMe1HsfZthVewpel9CAvTfc/2mBD1uUT/agc5f7GHGWXlYkFvi1mVxe4IjvP2HNrop7nQ==",
      "license": "MIT",
      "bin": {
        "nanoid": "bin/nanoid.cjs"
      },
      "engines": {
        "node": "^10 || ^12 || ^13.7 || ^14 || >=15.0.1"
      }
    },
    "node_modules/path-parse": {
      "version": "1.0.7",
      "resolved": "https://registry.npmjs.org/path-parse/-/path-parse-1.0.7.tgz",
      "integrity": "sha512-LDJzPVEEEPR+y48z93A0Ed0yXb8pAByGWo/k5YYdYgpY2/2EsOsksJrq7lOHxryrVOn1ejG6oAp8ahvOIQD8sw=="
    },
    "node_modules/picocolors": {
      "version": "1.0.0",
      "resolved": "https://registry.npmjs.org/picocolors/-/picocolors-1.0.0.tgz",
      "integrity": "sha512-1fygroTLlHu66zi26VoTDv8yRgm0Fccecssto+MhsZ0D/DGW2sm8E8AjW7NU5VVTRt5GxbeZ5qBuJr+HyLYkjQ==",
      "license": "ISC"
    },
    "node_modules/postcss": {
      "version": "8.3.11",
      "resolved": "https://registry.npmjs.org/postcss/-/postcss-8.3.11.tgz",
      "integrity": "sha512-hCmlUAIlUiav8Xdqw3Io4LcpA1DOt7h3LSTAC4G6JGHFFaWzI6qvFt9oilvl8BmkbBRX1IhM90ZAmpk68zccQA==",
      "license": "MIT",
      "dependencies": {
        "nanoid": "^3.1.30",
        "picocolors": "^1.0.0",
        "source-map-js": "^0.6.2"
      },
      "engines": {
        "node": "^10 || ^12 || >=14"
      },
      "funding": {
        "type": "opencollective",
        "url": "https://opencollective.com/postcss/"
      }
    },
    "node_modules/prettier": {
      "version": "2.0.5",
      "resolved": "https://registry.npmjs.org/prettier/-/prettier-2.0.5.tgz",
      "integrity": "sha512-7PtVymN48hGcO4fGjybyBSIWDsLU4H4XlvOHfq91pz9kkGlonzwTfYkaIEwiRg/dAJF9YlbsduBAgtYLi+8cFg==",
      "license": "MIT",
      "optional": true,
      "bin": {
        "prettier": "bin-prettier.js"
      },
      "engines": {
        "node": ">=10.13.0"
      }
    },
    "node_modules/request-light": {
      "version": "0.2.5",
      "resolved": "https://registry.npmjs.org/request-light/-/request-light-0.2.5.tgz",
      "integrity": "sha512-eBEh+GzJAftUnex6tcL6eV2JCifY0+sZMIUpUPOVXbs2nV5hla4ZMmO3icYKGuGVuQ2zHE9evh4OrRcH4iyYYw==",
      "license": "MIT",
      "dependencies": {
        "http-proxy-agent": "^2.1.0",
        "https-proxy-agent": "^2.2.3",
        "vscode-nls": "^4.1.1"
      }
    },
    "node_modules/resolve": {
      "version": "1.20.0",
      "resolved": "https://registry.npmjs.org/resolve/-/resolve-1.20.0.tgz",
      "integrity": "sha512-wENBPt4ySzg4ybFQW2TT1zMQucPK95HSh/nq2CFTZVOGut2+pQvSsgtda4d26YrYcr067wjbmzOG8byDPBX63A==",
      "dependencies": {
        "is-core-module": "^2.2.0",
        "path-parse": "^1.0.6"
      },
      "funding": {
        "url": "https://github.com/sponsors/ljharb"
      }
    },
    "node_modules/rollup": {
      "version": "2.60.0",
      "resolved": "https://registry.npmjs.org/rollup/-/rollup-2.60.0.tgz",
      "integrity": "sha512-cHdv9GWd58v58rdseC8e8XIaPUo8a9cgZpnCMMDGZFDZKEODOiPPEQFXLriWr/TjXzhPPmG5bkAztPsOARIcGQ==",
      "license": "MIT",
      "bin": {
        "rollup": "dist/bin/rollup"
      },
      "engines": {
        "node": ">=10.0.0"
      },
      "optionalDependencies": {
        "fsevents": "~2.3.2"
      }
    },
    "node_modules/source-map-js": {
      "version": "0.6.2",
      "resolved": "https://registry.npmjs.org/source-map-js/-/source-map-js-0.6.2.tgz",
      "integrity": "sha512-/3GptzWzu0+0MBQFrDKzw/DvvMTUORvgY6k6jd/VS6iCR4RDTKWH6v6WPwQoUO8667uQEf9Oe38DxAYWY5F/Ug==",
      "license": "BSD-3-Clause",
      "engines": {
        "node": ">=0.10.0"
      }
    },
    "node_modules/sprintf-js": {
      "version": "1.0.3",
      "resolved": "https://registry.npmjs.org/sprintf-js/-/sprintf-js-1.0.3.tgz",
      "integrity": "sha1-BOaSb2YolTVPPdAVIDYzuFcpfiw=",
      "license": "BSD-3-Clause"
    },
    "node_modules/vite": {
      "version": "2.7.0-beta.4",
      "resolved": "https://registry.npmjs.org/vite/-/vite-2.7.0-beta.4.tgz",
      "integrity": "sha512-TP7y0OkRHrta0rMg62R5cEcynSScgeCeW9QW+kXX1s9MVW5jGHsbK0CEYZzKV1hMxHo3ULGcRjjQjl+AEUwfXw==",
      "license": "MIT",
      "dependencies": {
        "esbuild": "^0.13.12",
        "postcss": "^8.3.11",
        "resolve": "^1.20.0",
        "rollup": "^2.59.0"
      },
      "bin": {
        "vite": "bin/vite.js"
      },
      "engines": {
        "node": ">=12.2.0"
      },
      "optionalDependencies": {
        "fsevents": "~2.3.2"
      },
      "peerDependencies": {
        "less": "*",
        "sass": "*",
        "stylus": "*"
      },
      "peerDependenciesMeta": {
        "less": {
          "optional": true
        },
        "sass": {
          "optional": true
        },
        "stylus": {
          "optional": true
        }
      }
    },
    "node_modules/vscode-json-languageservice": {
      "version": "3.11.0",
      "resolved": "https://registry.npmjs.org/vscode-json-languageservice/-/vscode-json-languageservice-3.11.0.tgz",
      "integrity": "sha512-QxI+qV97uD7HHOCjh3MrM1TfbdwmTXrMckri5Tus1/FQiG3baDZb2C9Y0y8QThs7PwHYBIQXcAc59ZveCRZKPA==",
      "license": "MIT",
      "dependencies": {
        "jsonc-parser": "^3.0.0",
        "vscode-languageserver-textdocument": "^1.0.1",
        "vscode-languageserver-types": "3.16.0-next.2",
        "vscode-nls": "^5.0.0",
        "vscode-uri": "^2.1.2"
      }
    },
    "node_modules/vscode-json-languageservice/node_modules/jsonc-parser": {
      "version": "3.0.0",
      "resolved": "https://registry.npmjs.org/jsonc-parser/-/jsonc-parser-3.0.0.tgz",
      "integrity": "sha512-fQzRfAbIBnR0IQvftw9FJveWiHp72Fg20giDrHz6TdfB12UH/uue0D3hm57UB5KgAVuniLMCaS8P1IMj9NR7cA==",
      "license": "MIT"
    },
    "node_modules/vscode-json-languageservice/node_modules/vscode-languageserver-types": {
      "version": "3.16.0-next.2",
      "resolved": "https://registry.npmjs.org/vscode-languageserver-types/-/vscode-languageserver-types-3.16.0-next.2.tgz",
      "integrity": "sha512-QjXB7CKIfFzKbiCJC4OWC8xUncLsxo19FzGVp/ADFvvi87PlmBSCAtZI5xwGjF5qE0xkLf0jjKUn3DzmpDP52Q==",
      "license": "MIT"
    },
    "node_modules/vscode-json-languageservice/node_modules/vscode-nls": {
      "version": "5.0.0",
      "resolved": "https://registry.npmjs.org/vscode-nls/-/vscode-nls-5.0.0.tgz",
      "integrity": "sha512-u0Lw+IYlgbEJFF6/qAqG2d1jQmJl0eyAGJHoAJqr2HT4M2BNuQYSEiSE75f52pXHSJm8AlTjnLLbBFPrdz2hpA==",
      "license": "MIT"
    },
    "node_modules/vscode-jsonrpc": {
      "version": "4.0.0",
      "resolved": "https://registry.npmjs.org/vscode-jsonrpc/-/vscode-jsonrpc-4.0.0.tgz",
      "integrity": "sha512-perEnXQdQOJMTDFNv+UF3h1Y0z4iSiaN9jIlb0OqIYgosPCZGYh/MCUlkFtV2668PL69lRDO32hmvL2yiidUYg==",
      "license": "MIT",
      "engines": {
        "node": ">=8.0.0 || >=10.0.0"
      }
    },
    "node_modules/vscode-languageserver": {
      "version": "5.2.1",
      "resolved": "https://registry.npmjs.org/vscode-languageserver/-/vscode-languageserver-5.2.1.tgz",
      "integrity": "sha512-GuayqdKZqAwwaCUjDvMTAVRPJOp/SLON3mJ07eGsx/Iq9HjRymhKWztX41rISqDKhHVVyFM+IywICyZDla6U3A==",
      "license": "MIT",
      "dependencies": {
        "vscode-languageserver-protocol": "3.14.1",
        "vscode-uri": "^1.0.6"
      },
      "bin": {
        "installServerIntoExtension": "bin/installServerIntoExtension"
      }
    },
    "node_modules/vscode-languageserver-protocol": {
      "version": "3.14.1",
      "resolved": "https://registry.npmjs.org/vscode-languageserver-protocol/-/vscode-languageserver-protocol-3.14.1.tgz",
      "integrity": "sha512-IL66BLb2g20uIKog5Y2dQ0IiigW0XKrvmWiOvc0yXw80z3tMEzEnHjaGAb3ENuU7MnQqgnYJ1Cl2l9RvNgDi4g==",
      "license": "MIT",
      "dependencies": {
        "vscode-jsonrpc": "^4.0.0",
        "vscode-languageserver-types": "3.14.0"
      }
    },
    "node_modules/vscode-languageserver-protocol/node_modules/vscode-languageserver-types": {
      "version": "3.14.0",
      "resolved": "https://registry.npmjs.org/vscode-languageserver-types/-/vscode-languageserver-types-3.14.0.tgz",
      "integrity": "sha512-lTmS6AlAlMHOvPQemVwo3CezxBp0sNB95KNPkqp3Nxd5VFEnuG1ByM0zlRWos0zjO3ZWtkvhal0COgiV1xIA4A==",
      "license": "MIT"
    },
    "node_modules/vscode-languageserver-textdocument": {
      "version": "1.0.2",
      "resolved": "https://registry.npmjs.org/vscode-languageserver-textdocument/-/vscode-languageserver-textdocument-1.0.2.tgz",
      "integrity": "sha512-T7uPC18+f8mYE4lbVZwb3OSmvwTZm3cuFhrdx9Bn2l11lmp3SvSuSVjy2JtvrghzjAo4G6Trqny2m9XGnFnWVA==",
      "license": "MIT"
    },
    "node_modules/vscode-languageserver-types": {
      "version": "3.16.0",
      "resolved": "https://registry.npmjs.org/vscode-languageserver-types/-/vscode-languageserver-types-3.16.0.tgz",
      "integrity": "sha512-k8luDIWJWyenLc5ToFQQMaSrqCHiLwyKPHKPQZ5zz21vM+vIVUSvsRpcbiECH4WR88K2XZqc4ScRcZ7nk/jbeA==",
      "license": "MIT"
    },
    "node_modules/vscode-languageserver/node_modules/vscode-uri": {
      "version": "1.0.8",
      "resolved": "https://registry.npmjs.org/vscode-uri/-/vscode-uri-1.0.8.tgz",
      "integrity": "sha512-obtSWTlbJ+a+TFRYGaUumtVwb+InIUVI0Lu0VBUAPmj2cU5JutEXg3xUE0c2J5Tcy7h2DEKVJBFi+Y9ZSFzzPQ==",
      "license": "MIT"
    },
    "node_modules/vscode-nls": {
      "version": "4.1.2",
      "resolved": "https://registry.npmjs.org/vscode-nls/-/vscode-nls-4.1.2.tgz",
      "integrity": "sha512-7bOHxPsfyuCqmP+hZXscLhiHwe7CSuFE4hyhbs22xPIhQ4jv99FcR4eBzfYYVLP356HNFpdvz63FFb/xw6T4Iw==",
      "license": "MIT"
    },
    "node_modules/vscode-uri": {
      "version": "2.1.2",
      "resolved": "https://registry.npmjs.org/vscode-uri/-/vscode-uri-2.1.2.tgz",
      "integrity": "sha512-8TEXQxlldWAuIODdukIb+TR5s+9Ds40eSJrw+1iDDA9IFORPjMELarNQE3myz5XIkWWpdprmJjm1/SxMlWOC8A==",
      "license": "MIT"
    },
    "node_modules/yaml-ast-parser-custom-tags": {
      "version": "0.0.43",
      "resolved": "https://registry.npmjs.org/yaml-ast-parser-custom-tags/-/yaml-ast-parser-custom-tags-0.0.43.tgz",
      "integrity": "sha512-R5063FF/JSAN6qXCmylwjt9PcDH6M0ExEme/nJBzLspc6FJDmHHIqM7xh2WfEmsTJqClF79A9VkXjkAqmZw9SQ==",
      "license": "Apache-2.0"
    },
    "node_modules/yaml-language-server": {
      "version": "0.11.1",
      "resolved": "https://registry.npmjs.org/yaml-language-server/-/yaml-language-server-0.11.1.tgz",
      "integrity": "sha512-N3Tu3g4O6ZWV7W0LVsNk62DtKJDQkbnPZRDd7ntaAeEl8QkxL1vnMunI26uzDU4PwwG4tPJ8g/VRS6U+fVp/6A==",
      "license": "MIT",
      "dependencies": {
        "js-yaml": "^3.13.1",
        "jsonc-parser": "^2.2.1",
        "request-light": "^0.2.4",
        "vscode-json-languageservice": "^3.6.0",
        "vscode-languageserver": "^5.2.1",
        "vscode-languageserver-types": "^3.15.1",
        "vscode-nls": "^4.1.2",
        "vscode-uri": "^2.1.1",
        "yaml-ast-parser-custom-tags": "0.0.43"
      },
      "bin": {
        "yaml-language-server": "bin/yaml-language-server"
      },
      "engines": {
        "node": "*"
      },
      "optionalDependencies": {
        "prettier": "2.0.5"
      }
    }
  },
  "dependencies": {
    "agent-base": {
      "version": "4.3.0",
      "resolved": "https://registry.npmjs.org/agent-base/-/agent-base-4.3.0.tgz",
      "integrity": "sha512-salcGninV0nPrwpGNn4VTXBb1SOuXQBiqbrNXoeizJsHrsL6ERFM2Ne3JUSBWRE6aeNJI2ROP/WEEIDUiDe3cg==",
      "requires": {
        "es6-promisify": "^5.0.0"
      }
    },
    "argparse": {
      "version": "1.0.10",
      "resolved": "https://registry.npmjs.org/argparse/-/argparse-1.0.10.tgz",
      "integrity": "sha512-o5Roy6tNG4SL/FOkCAN6RzjiakZS25RLYFrcMttJqbdd8BWrnA+fGz57iN5Pb06pvBGvl5gQ0B48dJlslXvoTg==",
      "requires": {
        "sprintf-js": "~1.0.2"
      }
    },
    "debug": {
      "version": "3.1.0",
      "resolved": "https://registry.npmjs.org/debug/-/debug-3.1.0.tgz",
      "integrity": "sha512-OX8XqP7/1a9cqkxYw2yXss15f26NKWBpDXQd0/uK/KPqdQhxbPa994hnzjcE2VqQpDslf55723cKPUOGSmMY3g==",
      "requires": {
        "ms": "2.0.0"
      }
    },
    "es6-promise": {
      "version": "4.2.8",
      "resolved": "https://registry.npmjs.org/es6-promise/-/es6-promise-4.2.8.tgz",
      "integrity": "sha512-HJDGx5daxeIvxdBxvG2cb9g4tEvwIk3i8+nhX0yGrYmZUzbkdg8QbDevheDB8gd0//uPj4c1EQua8Q+MViT0/w=="
    },
    "es6-promisify": {
      "version": "5.0.0",
      "resolved": "https://registry.npmjs.org/es6-promisify/-/es6-promisify-5.0.0.tgz",
      "integrity": "sha1-UQnWLz5W6pZ8S2NQWu8IKRyKUgM=",
      "requires": {
        "es6-promise": "^4.0.3"
      }
    },
    "esbuild": {
      "version": "0.13.13",
      "resolved": "https://registry.npmjs.org/esbuild/-/esbuild-0.13.13.tgz",
      "integrity": "sha512-Z17A/R6D0b4s3MousytQ/5i7mTCbaF+Ua/yPfoe71vdTv4KBvVAvQ/6ytMngM2DwGJosl8WxaD75NOQl2QF26Q==",
      "requires": {
        "esbuild-android-arm64": "0.13.13",
        "esbuild-darwin-64": "0.13.13",
        "esbuild-darwin-arm64": "0.13.13",
        "esbuild-freebsd-64": "0.13.13",
        "esbuild-freebsd-arm64": "0.13.13",
        "esbuild-linux-32": "0.13.13",
        "esbuild-linux-64": "0.13.13",
        "esbuild-linux-arm": "0.13.13",
        "esbuild-linux-arm64": "0.13.13",
        "esbuild-linux-mips64le": "0.13.13",
        "esbuild-linux-ppc64le": "0.13.13",
        "esbuild-netbsd-64": "0.13.13",
        "esbuild-openbsd-64": "0.13.13",
        "esbuild-sunos-64": "0.13.13",
        "esbuild-windows-32": "0.13.13",
        "esbuild-windows-64": "0.13.13",
        "esbuild-windows-arm64": "0.13.13"
      }
    },
    "esbuild-android-arm64": {
      "version": "0.13.13",
      "resolved": "https://registry.npmjs.org/esbuild-android-arm64/-/esbuild-android-arm64-0.13.13.tgz",
      "integrity": "sha512-T02aneWWguJrF082jZworjU6vm8f4UQ+IH2K3HREtlqoY9voiJUwHLRL6khRlsNLzVglqgqb7a3HfGx7hAADCQ==",
      "optional": true
    },
    "esbuild-darwin-64": {
      "version": "0.13.13",
      "resolved": "https://registry.npmjs.org/esbuild-darwin-64/-/esbuild-darwin-64-0.13.13.tgz",
      "integrity": "sha512-wkaiGAsN/09X9kDlkxFfbbIgR78SNjMOfUhoel3CqKBDsi9uZhw7HBNHNxTzYUK8X8LAKFpbODgcRB3b/I8gHA==",
      "optional": true
    },
    "esbuild-darwin-arm64": {
      "version": "0.13.13",
      "resolved": "https://registry.npmjs.org/esbuild-darwin-arm64/-/esbuild-darwin-arm64-0.13.13.tgz",
      "integrity": "sha512-b02/nNKGSV85Gw9pUCI5B48AYjk0vFggDeom0S6QMP/cEDtjSh1WVfoIFNAaLA0MHWfue8KBwoGVsN7rBshs4g==",
      "optional": true
    },
    "esbuild-freebsd-64": {
      "version": "0.13.13",
      "resolved": "https://registry.npmjs.org/esbuild-freebsd-64/-/esbuild-freebsd-64-0.13.13.tgz",
      "integrity": "sha512-ALgXYNYDzk9YPVk80A+G4vz2D22Gv4j4y25exDBGgqTcwrVQP8rf/rjwUjHoh9apP76oLbUZTmUmvCMuTI1V9A==",
      "optional": true
    },
    "esbuild-freebsd-arm64": {
      "version": "0.13.13",
      "resolved": "https://registry.npmjs.org/esbuild-freebsd-arm64/-/esbuild-freebsd-arm64-0.13.13.tgz",
      "integrity": "sha512-uFvkCpsZ1yqWQuonw5T1WZ4j59xP/PCvtu6I4pbLejhNo4nwjW6YalqnBvBSORq5/Ifo9S/wsIlVHzkzEwdtlw==",
      "optional": true
    },
    "esbuild-linux-32": {
      "version": "0.13.13",
      "resolved": "https://registry.npmjs.org/esbuild-linux-32/-/esbuild-linux-32-0.13.13.tgz",
      "integrity": "sha512-yxR9BBwEPs9acVEwTrEE2JJNHYVuPQC9YGjRfbNqtyfK/vVBQYuw8JaeRFAvFs3pVJdQD0C2BNP4q9d62SCP4w==",
      "optional": true
    },
    "esbuild-linux-64": {
      "version": "0.13.13",
      "resolved": "https://registry.npmjs.org/esbuild-linux-64/-/esbuild-linux-64-0.13.13.tgz",
      "integrity": "sha512-kzhjlrlJ+6ESRB/n12WTGll94+y+HFeyoWsOrLo/Si0s0f+Vip4b8vlnG0GSiS6JTsWYAtGHReGczFOaETlKIw==",
      "optional": true
    },
    "esbuild-linux-arm": {
      "version": "0.13.13",
      "resolved": "https://registry.npmjs.org/esbuild-linux-arm/-/esbuild-linux-arm-0.13.13.tgz",
      "integrity": "sha512-hXub4pcEds+U1TfvLp1maJ+GHRw7oizvzbGRdUvVDwtITtjq8qpHV5Q5hWNNn6Q+b3b2UxF03JcgnpzCw96nUQ==",
      "optional": true
    },
    "esbuild-linux-arm64": {
      "version": "0.13.13",
      "resolved": "https://registry.npmjs.org/esbuild-linux-arm64/-/esbuild-linux-arm64-0.13.13.tgz",
      "integrity": "sha512-KMrEfnVbmmJxT3vfTnPv/AiXpBFbbyExH13BsUGy1HZRPFMi5Gev5gk8kJIZCQSRfNR17aqq8sO5Crm2KpZkng==",
      "optional": true
    },
    "esbuild-linux-mips64le": {
      "version": "0.13.13",
      "resolved": "https://registry.npmjs.org/esbuild-linux-mips64le/-/esbuild-linux-mips64le-0.13.13.tgz",
      "integrity": "sha512-cJT9O1LYljqnnqlHaS0hdG73t7hHzF3zcN0BPsjvBq+5Ad47VJun+/IG4inPhk8ta0aEDK6LdP+F9299xa483w==",
      "optional": true
    },
    "esbuild-linux-ppc64le": {
      "version": "0.13.13",
      "resolved": "https://registry.npmjs.org/esbuild-linux-ppc64le/-/esbuild-linux-ppc64le-0.13.13.tgz",
      "integrity": "sha512-+rghW8st6/7O6QJqAjVK3eXzKkZqYAw6LgHv7yTMiJ6ASnNvghSeOcIvXFep3W2oaJc35SgSPf21Ugh0o777qQ==",
      "optional": true
    },
    "esbuild-netbsd-64": {
      "version": "0.13.13",
      "resolved": "https://registry.npmjs.org/esbuild-netbsd-64/-/esbuild-netbsd-64-0.13.13.tgz",
      "integrity": "sha512-A/B7rwmzPdzF8c3mht5TukbnNwY5qMJqes09ou0RSzA5/jm7Jwl/8z853ofujTFOLhkNHUf002EAgokzSgEMpQ==",
      "optional": true
    },
    "esbuild-openbsd-64": {
      "version": "0.13.13",
      "resolved": "https://registry.npmjs.org/esbuild-openbsd-64/-/esbuild-openbsd-64-0.13.13.tgz",
      "integrity": "sha512-szwtuRA4rXKT3BbwoGpsff6G7nGxdKgUbW9LQo6nm0TVCCjDNDC/LXxT994duIW8Tyq04xZzzZSW7x7ttDiw1w==",
      "optional": true
    },
    "esbuild-sunos-64": {
      "version": "0.13.13",
      "resolved": "https://registry.npmjs.org/esbuild-sunos-64/-/esbuild-sunos-64-0.13.13.tgz",
      "integrity": "sha512-ihyds9O48tVOYF48iaHYUK/boU5zRaLOXFS+OOL3ceD39AyHo46HVmsJLc7A2ez0AxNZCxuhu+P9OxfPfycTYQ==",
      "optional": true
    },
    "esbuild-windows-32": {
      "version": "0.13.13",
      "resolved": "https://registry.npmjs.org/esbuild-windows-32/-/esbuild-windows-32-0.13.13.tgz",
      "integrity": "sha512-h2RTYwpG4ldGVJlbmORObmilzL8EECy8BFiF8trWE1ZPHLpECE9//J3Bi+W3eDUuv/TqUbiNpGrq4t/odbayUw==",
      "optional": true
    },
    "esbuild-windows-64": {
      "version": "0.13.13",
      "resolved": "https://registry.npmjs.org/esbuild-windows-64/-/esbuild-windows-64-0.13.13.tgz",
      "integrity": "sha512-oMrgjP4CjONvDHe7IZXHrMk3wX5Lof/IwFEIbwbhgbXGBaN2dke9PkViTiXC3zGJSGpMvATXVplEhlInJ0drHA==",
      "optional": true
    },
    "esbuild-windows-arm64": {
      "version": "0.13.13",
      "resolved": "https://registry.npmjs.org/esbuild-windows-arm64/-/esbuild-windows-arm64-0.13.13.tgz",
      "integrity": "sha512-6fsDfTuTvltYB5k+QPah/x7LrI2+OLAJLE3bWLDiZI6E8wXMQU+wLqtEO/U/RvJgVY1loPs5eMpUBpVajczh1A==",
      "optional": true
    },
    "esprima": {
      "version": "4.0.1",
      "resolved": "https://registry.npmjs.org/esprima/-/esprima-4.0.1.tgz",
      "integrity": "sha512-eGuFFw7Upda+g4p+QHvnW0RyTX/SVeJBDM/gCtMARO0cLuT2HcEKnTPvhjV6aGeqrCB/sbNop0Kszm0jsaWU4A=="
    },
    "fsevents": {
      "version": "2.3.2",
      "resolved": "https://registry.npmjs.org/fsevents/-/fsevents-2.3.2.tgz",
      "integrity": "sha512-xiqMQR4xAeHTuB9uWm+fFRcIOgKBMiOBP+eXiyT7jsgVCq1bkVygt00oASowB7EdtpOHaaPgKt812P9ab+DDKA==",
      "optional": true
    },
    "function-bind": {
      "version": "1.1.1",
      "resolved": "https://registry.npmjs.org/function-bind/-/function-bind-1.1.1.tgz",
      "integrity": "sha512-yIovAzMX49sF8Yl58fSCWJ5svSLuaibPxXQJFLmBObTuCr0Mf1KiPopGM9NiFjiYBCbfaa2Fh6breQ6ANVTI0A=="
    },
    "has": {
      "version": "1.0.3",
      "resolved": "https://registry.npmjs.org/has/-/has-1.0.3.tgz",
      "integrity": "sha512-f2dvO0VU6Oej7RkWJGrehjbzMAjFp5/VKPp5tTpWIV4JHHZK1/BxbFRtf/siA2SWTe09caDmVtYYzWEIbBS4zw==",
      "requires": {
        "function-bind": "^1.1.1"
      }
    },
    "http-proxy-agent": {
      "version": "2.1.0",
      "resolved": "https://registry.npmjs.org/http-proxy-agent/-/http-proxy-agent-2.1.0.tgz",
      "integrity": "sha512-qwHbBLV7WviBl0rQsOzH6o5lwyOIvwp/BdFnvVxXORldu5TmjFfjzBcWUWS5kWAZhmv+JtiDhSuQCp4sBfbIgg==",
      "requires": {
        "agent-base": "4",
        "debug": "3.1.0"
      }
    },
    "https-proxy-agent": {
      "version": "2.2.4",
      "resolved": "https://registry.npmjs.org/https-proxy-agent/-/https-proxy-agent-2.2.4.tgz",
      "integrity": "sha512-OmvfoQ53WLjtA9HeYP9RNrWMJzzAz1JGaSFr1nijg0PVR1JaD/xbJq1mdEIIlxGpXp9eSe/O2LgU9DJmTPd0Eg==",
      "requires": {
        "agent-base": "^4.3.0",
        "debug": "^3.1.0"
      }
    },
    "is-core-module": {
      "version": "2.7.0",
      "resolved": "https://registry.npmjs.org/is-core-module/-/is-core-module-2.7.0.tgz",
      "integrity": "sha512-ByY+tjCciCr+9nLryBYcSD50EOGWt95c7tIsKTG1J2ixKKXPvF7Ej3AVd+UfDydAJom3biBGDBALaO79ktwgEQ==",
      "requires": {
        "has": "^1.0.3"
      }
    },
    "js-yaml": {
      "version": "3.14.1",
      "resolved": "https://registry.npmjs.org/js-yaml/-/js-yaml-3.14.1.tgz",
      "integrity": "sha512-okMH7OXXJ7YrN9Ok3/SXrnu4iX9yOk+25nqX4imS2npuvTYDmo/QEZoqwZkYaIDk3jVvBOTOIEgEhaLOynBS9g==",
      "requires": {
        "argparse": "^1.0.7",
        "esprima": "^4.0.0"
      }
    },
    "jsonc-parser": {
      "version": "2.3.1",
      "resolved": "https://registry.npmjs.org/jsonc-parser/-/jsonc-parser-2.3.1.tgz",
      "integrity": "sha512-H8jvkz1O50L3dMZCsLqiuB2tA7muqbSg1AtGEkN0leAqGjsUzDJir3Zwr02BhqdcITPg3ei3mZ+HjMocAknhhg=="
    },
    "monaco-editor": {
      "version": "0.29.1",
      "resolved": "https://registry.npmjs.org/monaco-editor/-/monaco-editor-0.29.1.tgz",
      "integrity": "sha512-rguaEG/zrPQSaKzQB7IfX/PpNa0qxF1FY8ZXRkN4WIl8qZdTQRSRJCtRto7IMcSgrU6H53RXI+fTcywOBC4aVw=="
    },
    "monaco-yaml": {
      "version": "2.5.1",
      "resolved": "https://registry.npmjs.org/monaco-yaml/-/monaco-yaml-2.5.1.tgz",
      "integrity": "sha512-U+zIAcwnQzlUgy6vdzFdNf5PToFzuz099FxYmUxIeen9GTiq6XYDX9mmXSR31mMrgiSaU5a2bGEyG4p2fbW/7A==",
      "requires": {
        "yaml-language-server": "^0.11.1"
      }
    },
    "ms": {
      "version": "2.0.0",
      "resolved": "https://registry.npmjs.org/ms/-/ms-2.0.0.tgz",
      "integrity": "sha1-VgiurfwAvmwpAd9fmGF4jeDVl8g="
    },
    "nanoid": {
      "version": "3.1.30",
      "resolved": "https://registry.npmjs.org/nanoid/-/nanoid-3.1.30.tgz",
      "integrity": "sha512-zJpuPDwOv8D2zq2WRoMe1HsfZthVewpel9CAvTfc/2mBD1uUT/agc5f7GHGWXlYkFvi1mVxe4IjvP2HNrop7nQ=="
    },
    "path-parse": {
      "version": "1.0.7",
      "resolved": "https://registry.npmjs.org/path-parse/-/path-parse-1.0.7.tgz",
      "integrity": "sha512-LDJzPVEEEPR+y48z93A0Ed0yXb8pAByGWo/k5YYdYgpY2/2EsOsksJrq7lOHxryrVOn1ejG6oAp8ahvOIQD8sw=="
    },
    "picocolors": {
      "version": "1.0.0",
      "resolved": "https://registry.npmjs.org/picocolors/-/picocolors-1.0.0.tgz",
      "integrity": "sha512-1fygroTLlHu66zi26VoTDv8yRgm0Fccecssto+MhsZ0D/DGW2sm8E8AjW7NU5VVTRt5GxbeZ5qBuJr+HyLYkjQ=="
    },
    "postcss": {
      "version": "8.3.11",
      "resolved": "https://registry.npmjs.org/postcss/-/postcss-8.3.11.tgz",
      "integrity": "sha512-hCmlUAIlUiav8Xdqw3Io4LcpA1DOt7h3LSTAC4G6JGHFFaWzI6qvFt9oilvl8BmkbBRX1IhM90ZAmpk68zccQA==",
      "requires": {
        "nanoid": "^3.1.30",
        "picocolors": "^1.0.0",
        "source-map-js": "^0.6.2"
      }
    },
    "prettier": {
      "version": "2.0.5",
      "resolved": "https://registry.npmjs.org/prettier/-/prettier-2.0.5.tgz",
      "integrity": "sha512-7PtVymN48hGcO4fGjybyBSIWDsLU4H4XlvOHfq91pz9kkGlonzwTfYkaIEwiRg/dAJF9YlbsduBAgtYLi+8cFg==",
      "optional": true
    },
    "request-light": {
      "version": "0.2.5",
      "resolved": "https://registry.npmjs.org/request-light/-/request-light-0.2.5.tgz",
      "integrity": "sha512-eBEh+GzJAftUnex6tcL6eV2JCifY0+sZMIUpUPOVXbs2nV5hla4ZMmO3icYKGuGVuQ2zHE9evh4OrRcH4iyYYw==",
      "requires": {
        "http-proxy-agent": "^2.1.0",
        "https-proxy-agent": "^2.2.3",
        "vscode-nls": "^4.1.1"
      }
    },
    "resolve": {
      "version": "1.20.0",
      "resolved": "https://registry.npmjs.org/resolve/-/resolve-1.20.0.tgz",
      "integrity": "sha512-wENBPt4ySzg4ybFQW2TT1zMQucPK95HSh/nq2CFTZVOGut2+pQvSsgtda4d26YrYcr067wjbmzOG8byDPBX63A==",
      "requires": {
        "is-core-module": "^2.2.0",
        "path-parse": "^1.0.6"
      }
    },
    "rollup": {
      "version": "2.60.0",
      "resolved": "https://registry.npmjs.org/rollup/-/rollup-2.60.0.tgz",
      "integrity": "sha512-cHdv9GWd58v58rdseC8e8XIaPUo8a9cgZpnCMMDGZFDZKEODOiPPEQFXLriWr/TjXzhPPmG5bkAztPsOARIcGQ==",
      "requires": {
        "fsevents": "~2.3.2"
      }
    },
    "source-map-js": {
      "version": "0.6.2",
      "resolved": "https://registry.npmjs.org/source-map-js/-/source-map-js-0.6.2.tgz",
      "integrity": "sha512-/3GptzWzu0+0MBQFrDKzw/DvvMTUORvgY6k6jd/VS6iCR4RDTKWH6v6WPwQoUO8667uQEf9Oe38DxAYWY5F/Ug=="
    },
    "sprintf-js": {
      "version": "1.0.3",
      "resolved": "https://registry.npmjs.org/sprintf-js/-/sprintf-js-1.0.3.tgz",
      "integrity": "sha1-BOaSb2YolTVPPdAVIDYzuFcpfiw="
    },
    "vite": {
      "version": "2.7.0-beta.4",
      "resolved": "https://registry.npmjs.org/vite/-/vite-2.7.0-beta.4.tgz",
      "integrity": "sha512-TP7y0OkRHrta0rMg62R5cEcynSScgeCeW9QW+kXX1s9MVW5jGHsbK0CEYZzKV1hMxHo3ULGcRjjQjl+AEUwfXw==",
      "requires": {
        "esbuild": "^0.13.12",
        "fsevents": "~2.3.2",
        "postcss": "^8.3.11",
        "resolve": "^1.20.0",
        "rollup": "^2.59.0"
      }
    },
    "vscode-json-languageservice": {
      "version": "3.11.0",
      "resolved": "https://registry.npmjs.org/vscode-json-languageservice/-/vscode-json-languageservice-3.11.0.tgz",
      "integrity": "sha512-QxI+qV97uD7HHOCjh3MrM1TfbdwmTXrMckri5Tus1/FQiG3baDZb2C9Y0y8QThs7PwHYBIQXcAc59ZveCRZKPA==",
      "requires": {
        "jsonc-parser": "^3.0.0",
        "vscode-languageserver-textdocument": "^1.0.1",
        "vscode-languageserver-types": "3.16.0-next.2",
        "vscode-nls": "^5.0.0",
        "vscode-uri": "^2.1.2"
      },
      "dependencies": {
        "jsonc-parser": {
          "version": "3.0.0",
          "resolved": "https://registry.npmjs.org/jsonc-parser/-/jsonc-parser-3.0.0.tgz",
          "integrity": "sha512-fQzRfAbIBnR0IQvftw9FJveWiHp72Fg20giDrHz6TdfB12UH/uue0D3hm57UB5KgAVuniLMCaS8P1IMj9NR7cA=="
        },
        "vscode-languageserver-types": {
          "version": "3.16.0-next.2",
          "resolved": "https://registry.npmjs.org/vscode-languageserver-types/-/vscode-languageserver-types-3.16.0-next.2.tgz",
          "integrity": "sha512-QjXB7CKIfFzKbiCJC4OWC8xUncLsxo19FzGVp/ADFvvi87PlmBSCAtZI5xwGjF5qE0xkLf0jjKUn3DzmpDP52Q=="
        },
        "vscode-nls": {
          "version": "5.0.0",
          "resolved": "https://registry.npmjs.org/vscode-nls/-/vscode-nls-5.0.0.tgz",
          "integrity": "sha512-u0Lw+IYlgbEJFF6/qAqG2d1jQmJl0eyAGJHoAJqr2HT4M2BNuQYSEiSE75f52pXHSJm8AlTjnLLbBFPrdz2hpA=="
        }
      }
    },
    "vscode-jsonrpc": {
      "version": "4.0.0",
      "resolved": "https://registry.npmjs.org/vscode-jsonrpc/-/vscode-jsonrpc-4.0.0.tgz",
      "integrity": "sha512-perEnXQdQOJMTDFNv+UF3h1Y0z4iSiaN9jIlb0OqIYgosPCZGYh/MCUlkFtV2668PL69lRDO32hmvL2yiidUYg=="
    },
    "vscode-languageserver": {
      "version": "5.2.1",
      "resolved": "https://registry.npmjs.org/vscode-languageserver/-/vscode-languageserver-5.2.1.tgz",
      "integrity": "sha512-GuayqdKZqAwwaCUjDvMTAVRPJOp/SLON3mJ07eGsx/Iq9HjRymhKWztX41rISqDKhHVVyFM+IywICyZDla6U3A==",
      "requires": {
        "vscode-languageserver-protocol": "3.14.1",
        "vscode-uri": "^1.0.6"
      },
      "dependencies": {
        "vscode-uri": {
          "version": "1.0.8",
          "resolved": "https://registry.npmjs.org/vscode-uri/-/vscode-uri-1.0.8.tgz",
          "integrity": "sha512-obtSWTlbJ+a+TFRYGaUumtVwb+InIUVI0Lu0VBUAPmj2cU5JutEXg3xUE0c2J5Tcy7h2DEKVJBFi+Y9ZSFzzPQ=="
        }
      }
    },
    "vscode-languageserver-protocol": {
      "version": "3.14.1",
      "resolved": "https://registry.npmjs.org/vscode-languageserver-protocol/-/vscode-languageserver-protocol-3.14.1.tgz",
      "integrity": "sha512-IL66BLb2g20uIKog5Y2dQ0IiigW0XKrvmWiOvc0yXw80z3tMEzEnHjaGAb3ENuU7MnQqgnYJ1Cl2l9RvNgDi4g==",
      "requires": {
        "vscode-jsonrpc": "^4.0.0",
        "vscode-languageserver-types": "3.14.0"
      },
      "dependencies": {
        "vscode-languageserver-types": {
          "version": "3.14.0",
          "resolved": "https://registry.npmjs.org/vscode-languageserver-types/-/vscode-languageserver-types-3.14.0.tgz",
          "integrity": "sha512-lTmS6AlAlMHOvPQemVwo3CezxBp0sNB95KNPkqp3Nxd5VFEnuG1ByM0zlRWos0zjO3ZWtkvhal0COgiV1xIA4A=="
        }
      }
    },
    "vscode-languageserver-textdocument": {
      "version": "1.0.2",
      "resolved": "https://registry.npmjs.org/vscode-languageserver-textdocument/-/vscode-languageserver-textdocument-1.0.2.tgz",
      "integrity": "sha512-T7uPC18+f8mYE4lbVZwb3OSmvwTZm3cuFhrdx9Bn2l11lmp3SvSuSVjy2JtvrghzjAo4G6Trqny2m9XGnFnWVA=="
    },
    "vscode-languageserver-types": {
      "version": "3.16.0",
      "resolved": "https://registry.npmjs.org/vscode-languageserver-types/-/vscode-languageserver-types-3.16.0.tgz",
      "integrity": "sha512-k8luDIWJWyenLc5ToFQQMaSrqCHiLwyKPHKPQZ5zz21vM+vIVUSvsRpcbiECH4WR88K2XZqc4ScRcZ7nk/jbeA=="
    },
    "vscode-nls": {
      "version": "4.1.2",
      "resolved": "https://registry.npmjs.org/vscode-nls/-/vscode-nls-4.1.2.tgz",
      "integrity": "sha512-7bOHxPsfyuCqmP+hZXscLhiHwe7CSuFE4hyhbs22xPIhQ4jv99FcR4eBzfYYVLP356HNFpdvz63FFb/xw6T4Iw=="
    },
    "vscode-uri": {
      "version": "2.1.2",
      "resolved": "https://registry.npmjs.org/vscode-uri/-/vscode-uri-2.1.2.tgz",
      "integrity": "sha512-8TEXQxlldWAuIODdukIb+TR5s+9Ds40eSJrw+1iDDA9IFORPjMELarNQE3myz5XIkWWpdprmJjm1/SxMlWOC8A=="
    },
    "yaml-ast-parser-custom-tags": {
      "version": "0.0.43",
      "resolved": "https://registry.npmjs.org/yaml-ast-parser-custom-tags/-/yaml-ast-parser-custom-tags-0.0.43.tgz",
      "integrity": "sha512-R5063FF/JSAN6qXCmylwjt9PcDH6M0ExEme/nJBzLspc6FJDmHHIqM7xh2WfEmsTJqClF79A9VkXjkAqmZw9SQ=="
    },
    "yaml-language-server": {
      "version": "0.11.1",
      "resolved": "https://registry.npmjs.org/yaml-language-server/-/yaml-language-server-0.11.1.tgz",
      "integrity": "sha512-N3Tu3g4O6ZWV7W0LVsNk62DtKJDQkbnPZRDd7ntaAeEl8QkxL1vnMunI26uzDU4PwwG4tPJ8g/VRS6U+fVp/6A==",
      "requires": {
        "js-yaml": "^3.13.1",
        "jsonc-parser": "^2.2.1",
        "prettier": "2.0.5",
        "request-light": "^0.2.4",
        "vscode-json-languageservice": "^3.6.0",
        "vscode-languageserver": "^5.2.1",
        "vscode-languageserver-types": "^3.15.1",
        "vscode-nls": "^4.1.2",
        "vscode-uri": "^2.1.1",
        "yaml-ast-parser-custom-tags": "0.0.43"
      }
    }
  }
}
